
Microsoft Visual Studio Solution File, Format Version 12.00
# Visual Studio Version 16
VisualStudioVersion = 16.0.30621.155
MinimumVisualStudioVersion = 10.0.40219.1
Project("{FAE04EC0-301F-11D3-BF4B-00C04F79EFBC}") = "HelpLoneGame", "HelpLoneGame\HelpLoneGame.csproj", "{FEE4664F-0140-459A-889A-3FF3C3C5A0F4}"
EndProject
Global
	GlobalSection(SolutionConfigurationPlatforms) = preSolution
		Debug|Any CPU = Debug|Any CPU
		Release|Any CPU = Release|Any CPU
	EndGlobalSection
	GlobalSection(ProjectConfigurationPlatforms) = postSolution
		{FEE4664F-0140-459A-889A-3FF3C3C5A0F4}.Debug|Any CPU.ActiveCfg = Debug|Any CPU
		{FEE4664F-0140-459A-889A-3FF3C3C5A0F4}.Debug|Any CPU.Build.0 = Debug|Any CPU
		{FEE4664F-0140-459A-889A-3FF3C3C5A0F4}.Release|Any CPU.ActiveCfg = Release|Any CPU
		{FEE4664F-0140-459A-889A-3FF3C3C5A0F4}.Release|Any CPU.Build.0 = Release|Any CPU
	EndGlobalSection
	GlobalSection(SolutionProperties) = preSolution
		HideSolutionNode = FALSE
	EndGlobalSection
	GlobalSection(ExtensibilityGlobals) = postSolution
		SolutionGuid = {AC51263C-9FBF-4466-8A21-767AA6BF90D4}
	EndGlobalSection
EndGlobal
